
Microsoft Visual Studio Solution File, Format Version 12.00
# Visual Studio Version 17
VisualStudioVersion = 17.14.36121.58 d17.14
MinimumVisualStudioVersion = 10.0.40219.1
Project("{FAE04EC0-301F-11D3-BF4B-00C04F79EFBC}") = "proyecto_inventario", "proyecto_inventario.csproj", "{4813952E-B3CB-4DED-8E68-FF93AC5F9D7B}"
EndProject
Global
	GlobalSection(SolutionConfigurationPlatforms) = preSolution
		Debug|Any CPU = Debug|Any CPU
		Release|Any CPU = Release|Any CPU
	EndGlobalSection
	GlobalSection(ProjectConfigurationPlatforms) = postSolution
		{4813952E-B3CB-4DED-8E68-FF93AC5F9D7B}.Debug|Any CPU.ActiveCfg = Debug|Any CPU
		{4813952E-B3CB-4DED-8E68-FF93AC5F9D7B}.Debug|Any CPU.Build.0 = Debug|Any CPU
		{4813952E-B3CB-4DED-8E68-FF93AC5F9D7B}.Release|Any CPU.ActiveCfg = Release|Any CPU
		{4813952E-B3CB-4DED-8E68-FF93AC5F9D7B}.Release|Any CPU.Build.0 = Release|Any CPU
	EndGlobalSection
	GlobalSection(SolutionProperties) = preSolution
		HideSolutionNode = FALSE
	EndGlobalSection
	GlobalSection(ExtensibilityGlobals) = postSolution
		SolutionGuid = {FD9EDEC7-4F27-4666-8ED6-DF5A2D9574F5}
	EndGlobalSection
EndGlobal
